# This file is automatically @generated by Cargo.
# It is not intended for manual editing.
[[package]]
name = "autocfg"
version = "1.0.0"
source = "registry+https://github.com/rust-lang/crates.io-index"
checksum = "f8aac770f1885fd7e387acedd76065302551364496e46b3dd00860b2f8359b9d"

[[package]]
name = "euclid"
version = "0.20.7"
source = "registry+https://github.com/rust-lang/crates.io-index"
checksum = "3f852d320142e1cceb15dccef32ed72a9970b83109d8a4e24b1ab04d579f485d"
dependencies = [
 "num-traits",
]

[[package]]
name = "libeuclid"
version = "0.1.0"
dependencies = [
 "euclid",
]

[[package]]
name = "num-traits"
version = "0.2.11"
source = "registry+https://github.com/rust-lang/crates.io-index"
checksum = "c62be47e61d1842b9170f0fdeec8eba98e60e90e5446449a0545e5152acd7096"
dependencies = [
 "autocfg",
]
